
Microsoft Visual Studio Solution File, Format Version 12.00
# Visual Studio Version 16
VisualStudioVersion = 16.0.29006.145
MinimumVisualStudioVersion = 15.0.26124.0
Project("{2150E333-8FDC-42A3-9474-1A3956D46DE8}") = "src", "src", "{8FFDF555-DB50-45F9-9A2D-6410F39151C3}"
	ProjectSection(SolutionItems) = preProject
		src\Directory.Build.props = src\Directory.Build.props
		src\Directory.Build.targets = src\Directory.Build.targets
	EndProjectSection
EndProject
Project("{2150E333-8FDC-42A3-9474-1A3956D46DE8}") = "test", "test", "{DF33E0FB-9790-4654-B60F-8AB22E0CC3D1}"
	ProjectSection(SolutionItems) = preProject
		test\Directory.Build.props = test\Directory.Build.props
		test\Directory.Build.targets = test\Directory.Build.targets
	EndProjectSection
EndProject
Project("{9A19103F-16F7-4668-BE54-9A1E7A4F7556}") = ".build", ".build\.build.csproj", "{55EFAE2F-A7CA-4917-A381-4A6EF5E79610}"
EndProject
Project("{2150E333-8FDC-42A3-9474-1A3956D46DE8}") = ".build", ".build", "{E3DCB78E-EE06-4EA3-88AC-762D8910387C}"
EndProject
Project("{FAE04EC0-301F-11D3-BF4B-00C04F79EFBC}") = "Rocket.Surgery.Blazor.FontAwesome5.Free", "src\Blazor.FontAwesome5.Free\Rocket.Surgery.Blazor.FontAwesome5.Free.csproj", "{06AC5A76-8E47-4011-88F1-B9FE1160E59C}"
EndProject
Project("{FAE04EC0-301F-11D3-BF4B-00C04F79EFBC}") = "Rocket.Surgery.Blazor.FontAwesome5.Pro", "src\Blazor.FontAwesome5.Pro\Rocket.Surgery.Blazor.FontAwesome5.Pro.csproj", "{5B195D2B-8E1B-40C6-A18C-EB5467BF46C1}"
EndProject
Project("{FAE04EC0-301F-11D3-BF4B-00C04F79EFBC}") = "Rocket.Surgery.Blazor.FontAwesome5.Tests", "test\Blazor.FontAwesome5.Tests\Rocket.Surgery.Blazor.FontAwesome5.Tests.csproj", "{3F006510-2A52-42F1-8974-0628054DA309}"
EndProject
Project("{FAE04EC0-301F-11D3-BF4B-00C04F79EFBC}") = "Rocket.Surgery.Blazor.FontAwesome5", "src\Blazor.FontAwesome5\Rocket.Surgery.Blazor.FontAwesome5.csproj", "{4DB75245-B7A9-4825-86C8-F2688872E769}"
EndProject
Project("{FAE04EC0-301F-11D3-BF4B-00C04F79EFBC}") = "Rocket.Surgery.Blazor.FontAwesome5.Brands", "src\Blazor.FontAwesome5.Brands\Rocket.Surgery.Blazor.FontAwesome5.Brands.csproj", "{BE4E2E23-D7B3-4D26-8B37-7B1CE34D2215}"
EndProject
Project("{FAE04EC0-301F-11D3-BF4B-00C04F79EFBC}") = "Rocket.Surgery.Blazor.FontAwesome5.Free.Regular", "src\Blazor.FontAwesome5.Free.Regular\Rocket.Surgery.Blazor.FontAwesome5.Free.Regular.csproj", "{F3F62094-A63A-496F-9A3C-460F8D527FE1}"
EndProject
Project("{FAE04EC0-301F-11D3-BF4B-00C04F79EFBC}") = "Rocket.Surgery.Blazor.FontAwesome5.Free.Solid", "src\Blazor.FontAwesome5.Free.Solid\Rocket.Surgery.Blazor.FontAwesome5.Free.Solid.csproj", "{DCF3CC43-98AA-4B20-AA66-A3862996A588}"
EndProject
Project("{FAE04EC0-301F-11D3-BF4B-00C04F79EFBC}") = "Rocket.Surgery.Blazor.FontAwesome5.Pro.Duotone", "src\Blazor.FontAwesome5.Pro.Duotone\Rocket.Surgery.Blazor.FontAwesome5.Pro.Duotone.csproj", "{88F906D7-8DCA-4668-899D-6DB9B1CA86C2}"
EndProject
Project("{FAE04EC0-301F-11D3-BF4B-00C04F79EFBC}") = "Rocket.Surgery.Blazor.FontAwesome5.Pro.Light", "src\Blazor.FontAwesome5.Pro.Light\Rocket.Surgery.Blazor.FontAwesome5.Pro.Light.csproj", "{D644E506-F7B7-425B-AEA0-74A1312613AD}"
EndProject
Project("{FAE04EC0-301F-11D3-BF4B-00C04F79EFBC}") = "Rocket.Surgery.Blazor.FontAwesome5.Pro.Regular", "src\Blazor.FontAwesome5.Pro.Regular\Rocket.Surgery.Blazor.FontAwesome5.Pro.Regular.csproj", "{4DA9AA04-3C7E-475E-BECB-5AA4F96C818A}"
EndProject
Project("{FAE04EC0-301F-11D3-BF4B-00C04F79EFBC}") = "Rocket.Surgery.Blazor.FontAwesome5.Pro.Solid", "src\Blazor.FontAwesome5.Pro.Solid\Rocket.Surgery.Blazor.FontAwesome5.Pro.Solid.csproj", "{5B318231-32AB-464E-BE33-E08A2A78A7FF}"
EndProject
Project("{FAE04EC0-301F-11D3-BF4B-00C04F79EFBC}") = "Rocket.Surgery.Blazor.FontAwesome6.Tests", "test\Blazor.FontAwesome6.Tests\Rocket.Surgery.Blazor.FontAwesome6.Tests.csproj", "{B166371C-E8DB-4E97-AAD3-DC2F33D44F52}"
EndProject
Project("{FAE04EC0-301F-11D3-BF4B-00C04F79EFBC}") = "Rocket.Surgery.Blazor.FontAwesome6.Brands", "src\Blazor.FontAwesome6.Brands\Rocket.Surgery.Blazor.FontAwesome6.Brands.csproj", "{AE0E05BA-DB63-4868-B83B-BD0BB2D8A1FE}"
EndProject
Project("{FAE04EC0-301F-11D3-BF4B-00C04F79EFBC}") = "Rocket.Surgery.Blazor.FontAwesome6.Free", "src\Blazor.FontAwesome6.Free\Rocket.Surgery.Blazor.FontAwesome6.Free.csproj", "{264BF6CB-AAC7-46D9-AA3F-70AE45FCD4F0}"
EndProject
Project("{FAE04EC0-301F-11D3-BF4B-00C04F79EFBC}") = "Rocket.Surgery.Blazor.FontAwesome6.Free.Regular", "src\Blazor.FontAwesome6.Free.Regular\Rocket.Surgery.Blazor.FontAwesome6.Free.Regular.csproj", "{F08A5620-B025-4C4B-A1D8-4D491835D5F4}"
EndProject
Project("{FAE04EC0-301F-11D3-BF4B-00C04F79EFBC}") = "Rocket.Surgery.Blazor.FontAwesome6.Free.Solid", "src\Blazor.FontAwesome6.Free.Solid\Rocket.Surgery.Blazor.FontAwesome6.Free.Solid.csproj", "{0C16459E-1A88-4F8E-82E8-A20D57F74EA0}"
EndProject
Project("{FAE04EC0-301F-11D3-BF4B-00C04F79EFBC}") = "Rocket.Surgery.Blazor.FontAwesome6.Pro", "src\Blazor.FontAwesome6.Pro\Rocket.Surgery.Blazor.FontAwesome6.Pro.csproj", "{A406549A-6B81-44D6-9DAB-FB66235F5A5D}"
EndProject
Project("{FAE04EC0-301F-11D3-BF4B-00C04F79EFBC}") = "Rocket.Surgery.Blazor.FontAwesome6.Pro.Duotone", "src\Blazor.FontAwesome6.Pro.Duotone\Rocket.Surgery.Blazor.FontAwesome6.Pro.Duotone.csproj", "{C5357C81-7ECD-49B8-8753-6CB77680C3B5}"
EndProject
Project("{FAE04EC0-301F-11D3-BF4B-00C04F79EFBC}") = "Rocket.Surgery.Blazor.FontAwesome6.Pro.Light", "src\Blazor.FontAwesome6.Pro.Light\Rocket.Surgery.Blazor.FontAwesome6.Pro.Light.csproj", "{51402483-E997-44B9-A124-D4B7AB94E17A}"
EndProject
Project("{FAE04EC0-301F-11D3-BF4B-00C04F79EFBC}") = "Rocket.Surgery.Blazor.FontAwesome6.Pro.Regular", "src\Blazor.FontAwesome6.Pro.Regular\Rocket.Surgery.Blazor.FontAwesome6.Pro.Regular.csproj", "{D089EA4C-4610-4115-A5EB-57AC688E2520}"
EndProject
Project("{FAE04EC0-301F-11D3-BF4B-00C04F79EFBC}") = "Rocket.Surgery.Blazor.FontAwesome6.Pro.Solid", "src\Blazor.FontAwesome6.Pro.Solid\Rocket.Surgery.Blazor.FontAwesome6.Pro.Solid.csproj", "{24FB1584-A40D-4FF3-AA2F-3074F6C563FC}"
EndProject
Project("{FAE04EC0-301F-11D3-BF4B-00C04F79EFBC}") = "Rocket.Surgery.Blazor.FontAwesome6", "src\Blazor.FontAwesome6\Rocket.Surgery.Blazor.FontAwesome6.csproj", "{10C173DF-A082-4602-B0E3-3F57259E5495}"
EndProject
Project("{FAE04EC0-301F-11D3-BF4B-00C04F79EFBC}") = "Rocket.Surgery.Blazor.FontAwesome6.Pro.Thin", "src\Blazor.FontAwesome6.Pro.Thin\Rocket.Surgery.Blazor.FontAwesome6.Pro.Thin.csproj", "{36276BEF-34B1-451E-8FFA-5C76F28408D0}"
EndProject
Global
	GlobalSection(SolutionConfigurationPlatforms) = preSolution
		Debug|Any CPU = Debug|Any CPU
		Debug|x64 = Debug|x64
		Debug|x86 = Debug|x86
		Release|Any CPU = Release|Any CPU
		Release|x64 = Release|x64
		Release|x86 = Release|x86
	EndGlobalSection
	GlobalSection(ProjectConfigurationPlatforms) = postSolution
		{55EFAE2F-A7CA-4917-A381-4A6EF5E79610}.Debug|Any CPU.ActiveCfg = Debug|Any CPU
		{55EFAE2F-A7CA-4917-A381-4A6EF5E79610}.Debug|x64.ActiveCfg = Debug|Any CPU
		{55EFAE2F-A7CA-4917-A381-4A6EF5E79610}.Debug|x64.Build.0 = Debug|Any CPU
		{55EFAE2F-A7CA-4917-A381-4A6EF5E79610}.Debug|x86.ActiveCfg = Debug|Any CPU
		{55EFAE2F-A7CA-4917-A381-4A6EF5E79610}.Debug|x86.Build.0 = Debug|Any CPU
		{55EFAE2F-A7CA-4917-A381-4A6EF5E79610}.Release|Any CPU.ActiveCfg = Release|Any CPU
		{55EFAE2F-A7CA-4917-A381-4A6EF5E79610}.Release|x64.ActiveCfg = Release|Any CPU
		{55EFAE2F-A7CA-4917-A381-4A6EF5E79610}.Release|x64.Build.0 = Release|Any CPU
		{55EFAE2F-A7CA-4917-A381-4A6EF5E79610}.Release|x86.ActiveCfg = Release|Any CPU
		{55EFAE2F-A7CA-4917-A381-4A6EF5E79610}.Release|x86.Build.0 = Release|Any CPU
		{06AC5A76-8E47-4011-88F1-B9FE1160E59C}.Debug|Any CPU.ActiveCfg = Debug|Any CPU
		{06AC5A76-8E47-4011-88F1-B9FE1160E59C}.Debug|Any CPU.Build.0 = Debug|Any CPU
		{06AC5A76-8E47-4011-88F1-B9FE1160E59C}.Debug|x64.ActiveCfg = Debug|Any CPU
		{06AC5A76-8E47-4011-88F1-B9FE1160E59C}.Debug|x64.Build.0 = Debug|Any CPU
		{06AC5A76-8E47-4011-88F1-B9FE1160E59C}.Debug|x86.ActiveCfg = Debug|Any CPU
		{06AC5A76-8E47-4011-88F1-B9FE1160E59C}.Debug|x86.Build.0 = Debug|Any CPU
		{06AC5A76-8E47-4011-88F1-B9FE1160E59C}.Release|Any CPU.ActiveCfg = Release|Any CPU
		{06AC5A76-8E47-4011-88F1-B9FE1160E59C}.Release|Any CPU.Build.0 = Release|Any CPU
		{06AC5A76-8E47-4011-88F1-B9FE1160E59C}.Release|x64.ActiveCfg = Release|Any CPU
		{06AC5A76-8E47-4011-88F1-B9FE1160E59C}.Release|x64.Build.0 = Release|Any CPU
		{06AC5A76-8E47-4011-88F1-B9FE1160E59C}.Release|x86.ActiveCfg = Release|Any CPU
		{06AC5A76-8E47-4011-88F1-B9FE1160E59C}.Release|x86.Build.0 = Release|Any CPU
		{5B195D2B-8E1B-40C6-A18C-EB5467BF46C1}.Debug|Any CPU.ActiveCfg = Debug|Any CPU
		{5B195D2B-8E1B-40C6-A18C-EB5467BF46C1}.Debug|Any CPU.Build.0 = Debug|Any CPU
		{5B195D2B-8E1B-40C6-A18C-EB5467BF46C1}.Debug|x64.ActiveCfg = Debug|Any CPU
		{5B195D2B-8E1B-40C6-A18C-EB5467BF46C1}.Debug|x64.Build.0 = Debug|Any CPU
		{5B195D2B-8E1B-40C6-A18C-EB5467BF46C1}.Debug|x86.ActiveCfg = Debug|Any CPU
		{5B195D2B-8E1B-40C6-A18C-EB5467BF46C1}.Debug|x86.Build.0 = Debug|Any CPU
		{5B195D2B-8E1B-40C6-A18C-EB5467BF46C1}.Release|Any CPU.ActiveCfg = Release|Any CPU
		{5B195D2B-8E1B-40C6-A18C-EB5467BF46C1}.Release|Any CPU.Build.0 = Release|Any CPU
		{5B195D2B-8E1B-40C6-A18C-EB5467BF46C1}.Release|x64.ActiveCfg = Release|Any CPU
		{5B195D2B-8E1B-40C6-A18C-EB5467BF46C1}.Release|x64.Build.0 = Release|Any CPU
		{5B195D2B-8E1B-40C6-A18C-EB5467BF46C1}.Release|x86.ActiveCfg = Release|Any CPU
		{5B195D2B-8E1B-40C6-A18C-EB5467BF46C1}.Release|x86.Build.0 = Release|Any CPU
		{3F006510-2A52-42F1-8974-0628054DA309}.Debug|Any CPU.ActiveCfg = Debug|Any CPU
		{3F006510-2A52-42F1-8974-0628054DA309}.Debug|Any CPU.Build.0 = Debug|Any CPU
		{3F006510-2A52-42F1-8974-0628054DA309}.Debug|x64.ActiveCfg = Debug|Any CPU
		{3F006510-2A52-42F1-8974-0628054DA309}.Debug|x64.Build.0 = Debug|Any CPU
		{3F006510-2A52-42F1-8974-0628054DA309}.Debug|x86.ActiveCfg = Debug|Any CPU
		{3F006510-2A52-42F1-8974-0628054DA309}.Debug|x86.Build.0 = Debug|Any CPU
		{3F006510-2A52-42F1-8974-0628054DA309}.Release|Any CPU.ActiveCfg = Release|Any CPU
		{3F006510-2A52-42F1-8974-0628054DA309}.Release|Any CPU.Build.0 = Release|Any CPU
		{3F006510-2A52-42F1-8974-0628054DA309}.Release|x64.ActiveCfg = Release|Any CPU
		{3F006510-2A52-42F1-8974-0628054DA309}.Release|x64.Build.0 = Release|Any CPU
		{3F006510-2A52-42F1-8974-0628054DA309}.Release|x86.ActiveCfg = Release|Any CPU
		{3F006510-2A52-42F1-8974-0628054DA309}.Release|x86.Build.0 = Release|Any CPU
		{4DB75245-B7A9-4825-86C8-F2688872E769}.Debug|Any CPU.ActiveCfg = Debug|Any CPU
		{4DB75245-B7A9-4825-86C8-F2688872E769}.Debug|Any CPU.Build.0 = Debug|Any CPU
		{4DB75245-B7A9-4825-86C8-F2688872E769}.Debug|x64.ActiveCfg = Debug|Any CPU
		{4DB75245-B7A9-4825-86C8-F2688872E769}.Debug|x64.Build.0 = Debug|Any CPU
		{4DB75245-B7A9-4825-86C8-F2688872E769}.Debug|x86.ActiveCfg = Debug|Any CPU
		{4DB75245-B7A9-4825-86C8-F2688872E769}.Debug|x86.Build.0 = Debug|Any CPU
		{4DB75245-B7A9-4825-86C8-F2688872E769}.Release|Any CPU.ActiveCfg = Release|Any CPU
		{4DB75245-B7A9-4825-86C8-F2688872E769}.Release|Any CPU.Build.0 = Release|Any CPU
		{4DB75245-B7A9-4825-86C8-F2688872E769}.Release|x64.ActiveCfg = Release|Any CPU
		{4DB75245-B7A9-4825-86C8-F2688872E769}.Release|x64.Build.0 = Release|Any CPU
		{4DB75245-B7A9-4825-86C8-F2688872E769}.Release|x86.ActiveCfg = Release|Any CPU
		{4DB75245-B7A9-4825-86C8-F2688872E769}.Release|x86.Build.0 = Release|Any CPU
		{BE4E2E23-D7B3-4D26-8B37-7B1CE34D2215}.Debug|Any CPU.ActiveCfg = Debug|Any CPU
		{BE4E2E23-D7B3-4D26-8B37-7B1CE34D2215}.Debug|Any CPU.Build.0 = Debug|Any CPU
		{BE4E2E23-D7B3-4D26-8B37-7B1CE34D2215}.Debug|x64.ActiveCfg = Debug|Any CPU
		{BE4E2E23-D7B3-4D26-8B37-7B1CE34D2215}.Debug|x64.Build.0 = Debug|Any CPU
		{BE4E2E23-D7B3-4D26-8B37-7B1CE34D2215}.Debug|x86.ActiveCfg = Debug|Any CPU
		{BE4E2E23-D7B3-4D26-8B37-7B1CE34D2215}.Debug|x86.Build.0 = Debug|Any CPU
		{BE4E2E23-D7B3-4D26-8B37-7B1CE34D2215}.Release|Any CPU.ActiveCfg = Release|Any CPU
		{BE4E2E23-D7B3-4D26-8B37-7B1CE34D2215}.Release|Any CPU.Build.0 = Release|Any CPU
		{BE4E2E23-D7B3-4D26-8B37-7B1CE34D2215}.Release|x64.ActiveCfg = Release|Any CPU
		{BE4E2E23-D7B3-4D26-8B37-7B1CE34D2215}.Release|x64.Build.0 = Release|Any CPU
		{BE4E2E23-D7B3-4D26-8B37-7B1CE34D2215}.Release|x86.ActiveCfg = Release|Any CPU
		{BE4E2E23-D7B3-4D26-8B37-7B1CE34D2215}.Release|x86.Build.0 = Release|Any CPU
		{F3F62094-A63A-496F-9A3C-460F8D527FE1}.Debug|Any CPU.ActiveCfg = Debug|Any CPU
		{F3F62094-A63A-496F-9A3C-460F8D527FE1}.Debug|Any CPU.Build.0 = Debug|Any CPU
		{F3F62094-A63A-496F-9A3C-460F8D527FE1}.Debug|x64.ActiveCfg = Debug|Any CPU
		{F3F62094-A63A-496F-9A3C-460F8D527FE1}.Debug|x64.Build.0 = Debug|Any CPU
		{F3F62094-A63A-496F-9A3C-460F8D527FE1}.Debug|x86.ActiveCfg = Debug|Any CPU
		{F3F62094-A63A-496F-9A3C-460F8D527FE1}.Debug|x86.Build.0 = Debug|Any CPU
		{F3F62094-A63A-496F-9A3C-460F8D527FE1}.Release|Any CPU.ActiveCfg = Release|Any CPU
		{F3F62094-A63A-496F-9A3C-460F8D527FE1}.Release|Any CPU.Build.0 = Release|Any CPU
		{F3F62094-A63A-496F-9A3C-460F8D527FE1}.Release|x64.ActiveCfg = Release|Any CPU
		{F3F62094-A63A-496F-9A3C-460F8D527FE1}.Release|x64.Build.0 = Release|Any CPU
		{F3F62094-A63A-496F-9A3C-460F8D527FE1}.Release|x86.ActiveCfg = Release|Any CPU
		{F3F62094-A63A-496F-9A3C-460F8D527FE1}.Release|x86.Build.0 = Release|Any CPU
		{DCF3CC43-98AA-4B20-AA66-A3862996A588}.Debug|Any CPU.ActiveCfg = Debug|Any CPU
		{DCF3CC43-98AA-4B20-AA66-A3862996A588}.Debug|Any CPU.Build.0 = Debug|Any CPU
		{DCF3CC43-98AA-4B20-AA66-A3862996A588}.Debug|x64.ActiveCfg = Debug|Any CPU
		{DCF3CC43-98AA-4B20-AA66-A3862996A588}.Debug|x64.Build.0 = Debug|Any CPU
		{DCF3CC43-98AA-4B20-AA66-A3862996A588}.Debug|x86.ActiveCfg = Debug|Any CPU
		{DCF3CC43-98AA-4B20-AA66-A3862996A588}.Debug|x86.Build.0 = Debug|Any CPU
		{DCF3CC43-98AA-4B20-AA66-A3862996A588}.Release|Any CPU.ActiveCfg = Release|Any CPU
		{DCF3CC43-98AA-4B20-AA66-A3862996A588}.Release|Any CPU.Build.0 = Release|Any CPU
		{DCF3CC43-98AA-4B20-AA66-A3862996A588}.Release|x64.ActiveCfg = Release|Any CPU
		{DCF3CC43-98AA-4B20-AA66-A3862996A588}.Release|x64.Build.0 = Release|Any CPU
		{DCF3CC43-98AA-4B20-AA66-A3862996A588}.Release|x86.ActiveCfg = Release|Any CPU
		{DCF3CC43-98AA-4B20-AA66-A3862996A588}.Release|x86.Build.0 = Release|Any CPU
		{88F906D7-8DCA-4668-899D-6DB9B1CA86C2}.Debug|Any CPU.ActiveCfg = Debug|Any CPU
		{88F906D7-8DCA-4668-899D-6DB9B1CA86C2}.Debug|Any CPU.Build.0 = Debug|Any CPU
		{88F906D7-8DCA-4668-899D-6DB9B1CA86C2}.Debug|x64.ActiveCfg = Debug|Any CPU
		{88F906D7-8DCA-4668-899D-6DB9B1CA86C2}.Debug|x64.Build.0 = Debug|Any CPU
		{88F906D7-8DCA-4668-899D-6DB9B1CA86C2}.Debug|x86.ActiveCfg = Debug|Any CPU
		{88F906D7-8DCA-4668-899D-6DB9B1CA86C2}.Debug|x86.Build.0 = Debug|Any CPU
		{88F906D7-8DCA-4668-899D-6DB9B1CA86C2}.Release|Any CPU.ActiveCfg = Release|Any CPU
		{88F906D7-8DCA-4668-899D-6DB9B1CA86C2}.Release|Any CPU.Build.0 = Release|Any CPU
		{88F906D7-8DCA-4668-899D-6DB9B1CA86C2}.Release|x64.ActiveCfg = Release|Any CPU
		{88F906D7-8DCA-4668-899D-6DB9B1CA86C2}.Release|x64.Build.0 = Release|Any CPU
		{88F906D7-8DCA-4668-899D-6DB9B1CA86C2}.Release|x86.ActiveCfg = Release|Any CPU
		{88F906D7-8DCA-4668-899D-6DB9B1CA86C2}.Release|x86.Build.0 = Release|Any CPU
		{D644E506-F7B7-425B-AEA0-74A1312613AD}.Debug|Any CPU.ActiveCfg = Debug|Any CPU
		{D644E506-F7B7-425B-AEA0-74A1312613AD}.Debug|Any CPU.Build.0 = Debug|Any CPU
		{D644E506-F7B7-425B-AEA0-74A1312613AD}.Debug|x64.ActiveCfg = Debug|Any CPU
		{D644E506-F7B7-425B-AEA0-74A1312613AD}.Debug|x64.Build.0 = Debug|Any CPU
		{D644E506-F7B7-425B-AEA0-74A1312613AD}.Debug|x86.ActiveCfg = Debug|Any CPU
		{D644E506-F7B7-425B-AEA0-74A1312613AD}.Debug|x86.Build.0 = Debug|Any CPU
		{D644E506-F7B7-425B-AEA0-74A1312613AD}.Release|Any CPU.ActiveCfg = Release|Any CPU
		{D644E506-F7B7-425B-AEA0-74A1312613AD}.Release|Any CPU.Build.0 = Release|Any CPU
		{D644E506-F7B7-425B-AEA0-74A1312613AD}.Release|x64.ActiveCfg = Release|Any CPU
		{D644E506-F7B7-425B-AEA0-74A1312613AD}.Release|x64.Build.0 = Release|Any CPU
		{D644E506-F7B7-425B-AEA0-74A1312613AD}.Release|x86.ActiveCfg = Release|Any CPU
		{D644E506-F7B7-425B-AEA0-74A1312613AD}.Release|x86.Build.0 = Release|Any CPU
		{4DA9AA04-3C7E-475E-BECB-5AA4F96C818A}.Debug|Any CPU.ActiveCfg = Debug|Any CPU
		{4DA9AA04-3C7E-475E-BECB-5AA4F96C818A}.Debug|Any CPU.Build.0 = Debug|Any CPU
		{4DA9AA04-3C7E-475E-BECB-5AA4F96C818A}.Debug|x64.ActiveCfg = Debug|Any CPU
		{4DA9AA04-3C7E-475E-BECB-5AA4F96C818A}.Debug|x64.Build.0 = Debug|Any CPU
		{4DA9AA04-3C7E-475E-BECB-5AA4F96C818A}.Debug|x86.ActiveCfg = Debug|Any CPU
		{4DA9AA04-3C7E-475E-BECB-5AA4F96C818A}.Debug|x86.Build.0 = Debug|Any CPU
		{4DA9AA04-3C7E-475E-BECB-5AA4F96C818A}.Release|Any CPU.ActiveCfg = Release|Any CPU
		{4DA9AA04-3C7E-475E-BECB-5AA4F96C818A}.Release|Any CPU.Build.0 = Release|Any CPU
		{4DA9AA04-3C7E-475E-BECB-5AA4F96C818A}.Release|x64.ActiveCfg = Release|Any CPU
		{4DA9AA04-3C7E-475E-BECB-5AA4F96C818A}.Release|x64.Build.0 = Release|Any CPU
		{4DA9AA04-3C7E-475E-BECB-5AA4F96C818A}.Release|x86.ActiveCfg = Release|Any CPU
		{4DA9AA04-3C7E-475E-BECB-5AA4F96C818A}.Release|x86.Build.0 = Release|Any CPU
		{5B318231-32AB-464E-BE33-E08A2A78A7FF}.Debug|Any CPU.ActiveCfg = Debug|Any CPU
		{5B318231-32AB-464E-BE33-E08A2A78A7FF}.Debug|Any CPU.Build.0 = Debug|Any CPU
		{5B318231-32AB-464E-BE33-E08A2A78A7FF}.Debug|x64.ActiveCfg = Debug|Any CPU
		{5B318231-32AB-464E-BE33-E08A2A78A7FF}.Debug|x64.Build.0 = Debug|Any CPU
		{5B318231-32AB-464E-BE33-E08A2A78A7FF}.Debug|x86.ActiveCfg = Debug|Any CPU
		{5B318231-32AB-464E-BE33-E08A2A78A7FF}.Debug|x86.Build.0 = Debug|Any CPU
		{5B318231-32AB-464E-BE33-E08A2A78A7FF}.Release|Any CPU.ActiveCfg = Release|Any CPU
		{5B318231-32AB-464E-BE33-E08A2A78A7FF}.Release|Any CPU.Build.0 = Release|Any CPU
		{5B318231-32AB-464E-BE33-E08A2A78A7FF}.Release|x64.ActiveCfg = Release|Any CPU
		{5B318231-32AB-464E-BE33-E08A2A78A7FF}.Release|x64.Build.0 = Release|Any CPU
		{5B318231-32AB-464E-BE33-E08A2A78A7FF}.Release|x86.ActiveCfg = Release|Any CPU
		{5B318231-32AB-464E-BE33-E08A2A78A7FF}.Release|x86.Build.0 = Release|Any CPU
		{B166371C-E8DB-4E97-AAD3-DC2F33D44F52}.Debug|Any CPU.ActiveCfg = Debug|Any CPU
		{B166371C-E8DB-4E97-AAD3-DC2F33D44F52}.Debug|Any CPU.Build.0 = Debug|Any CPU
		{B166371C-E8DB-4E97-AAD3-DC2F33D44F52}.Debug|x64.ActiveCfg = Debug|Any CPU
		{B166371C-E8DB-4E97-AAD3-DC2F33D44F52}.Debug|x64.Build.0 = Debug|Any CPU
		{B166371C-E8DB-4E97-AAD3-DC2F33D44F52}.Debug|x86.ActiveCfg = Debug|Any CPU
		{B166371C-E8DB-4E97-AAD3-DC2F33D44F52}.Debug|x86.Build.0 = Debug|Any CPU
		{B166371C-E8DB-4E97-AAD3-DC2F33D44F52}.Release|Any CPU.ActiveCfg = Release|Any CPU
		{B166371C-E8DB-4E97-AAD3-DC2F33D44F52}.Release|Any CPU.Build.0 = Release|Any CPU
		{B166371C-E8DB-4E97-AAD3-DC2F33D44F52}.Release|x64.ActiveCfg = Release|Any CPU
		{B166371C-E8DB-4E97-AAD3-DC2F33D44F52}.Release|x64.Build.0 = Release|Any CPU
		{B166371C-E8DB-4E97-AAD3-DC2F33D44F52}.Release|x86.ActiveCfg = Release|Any CPU
		{B166371C-E8DB-4E97-AAD3-DC2F33D44F52}.Release|x86.Build.0 = Release|Any CPU
		{AE0E05BA-DB63-4868-B83B-BD0BB2D8A1FE}.Debug|Any CPU.ActiveCfg = Debug|Any CPU
		{AE0E05BA-DB63-4868-B83B-BD0BB2D8A1FE}.Debug|Any CPU.Build.0 = Debug|Any CPU
		{AE0E05BA-DB63-4868-B83B-BD0BB2D8A1FE}.Debug|x64.ActiveCfg = Debug|Any CPU
		{AE0E05BA-DB63-4868-B83B-BD0BB2D8A1FE}.Debug|x64.Build.0 = Debug|Any CPU
		{AE0E05BA-DB63-4868-B83B-BD0BB2D8A1FE}.Debug|x86.ActiveCfg = Debug|Any CPU
		{AE0E05BA-DB63-4868-B83B-BD0BB2D8A1FE}.Debug|x86.Build.0 = Debug|Any CPU
		{AE0E05BA-DB63-4868-B83B-BD0BB2D8A1FE}.Release|Any CPU.ActiveCfg = Release|Any CPU
		{AE0E05BA-DB63-4868-B83B-BD0BB2D8A1FE}.Release|Any CPU.Build.0 = Release|Any CPU
		{AE0E05BA-DB63-4868-B83B-BD0BB2D8A1FE}.Release|x64.ActiveCfg = Release|Any CPU
		{AE0E05BA-DB63-4868-B83B-BD0BB2D8A1FE}.Release|x64.Build.0 = Release|Any CPU
		{AE0E05BA-DB63-4868-B83B-BD0BB2D8A1FE}.Release|x86.ActiveCfg = Release|Any CPU
		{AE0E05BA-DB63-4868-B83B-BD0BB2D8A1FE}.Release|x86.Build.0 = Release|Any CPU
		{264BF6CB-AAC7-46D9-AA3F-70AE45FCD4F0}.Debug|Any CPU.ActiveCfg = Debug|Any CPU
		{264BF6CB-AAC7-46D9-AA3F-70AE45FCD4F0}.Debug|Any CPU.Build.0 = Debug|Any CPU
		{264BF6CB-AAC7-46D9-AA3F-70AE45FCD4F0}.Debug|x64.ActiveCfg = Debug|Any CPU
		{264BF6CB-AAC7-46D9-AA3F-70AE45FCD4F0}.Debug|x64.Build.0 = Debug|Any CPU
		{264BF6CB-AAC7-46D9-AA3F-70AE45FCD4F0}.Debug|x86.ActiveCfg = Debug|Any CPU
		{264BF6CB-AAC7-46D9-AA3F-70AE45FCD4F0}.Debug|x86.Build.0 = Debug|Any CPU
		{264BF6CB-AAC7-46D9-AA3F-70AE45FCD4F0}.Release|Any CPU.ActiveCfg = Release|Any CPU
		{264BF6CB-AAC7-46D9-AA3F-70AE45FCD4F0}.Release|Any CPU.Build.0 = Release|Any CPU
		{264BF6CB-AAC7-46D9-AA3F-70AE45FCD4F0}.Release|x64.ActiveCfg = Release|Any CPU
		{264BF6CB-AAC7-46D9-AA3F-70AE45FCD4F0}.Release|x64.Build.0 = Release|Any CPU
		{264BF6CB-AAC7-46D9-AA3F-70AE45FCD4F0}.Release|x86.ActiveCfg = Release|Any CPU
		{264BF6CB-AAC7-46D9-AA3F-70AE45FCD4F0}.Release|x86.Build.0 = Release|Any CPU
		{F08A5620-B025-4C4B-A1D8-4D491835D5F4}.Debug|Any CPU.ActiveCfg = Debug|Any CPU
		{F08A5620-B025-4C4B-A1D8-4D491835D5F4}.Debug|Any CPU.Build.0 = Debug|Any CPU
		{F08A5620-B025-4C4B-A1D8-4D491835D5F4}.Debug|x64.ActiveCfg = Debug|Any CPU
		{F08A5620-B025-4C4B-A1D8-4D491835D5F4}.Debug|x64.Build.0 = Debug|Any CPU
		{F08A5620-B025-4C4B-A1D8-4D491835D5F4}.Debug|x86.ActiveCfg = Debug|Any CPU
		{F08A5620-B025-4C4B-A1D8-4D491835D5F4}.Debug|x86.Build.0 = Debug|Any CPU
		{F08A5620-B025-4C4B-A1D8-4D491835D5F4}.Release|Any CPU.ActiveCfg = Release|Any CPU
		{F08A5620-B025-4C4B-A1D8-4D491835D5F4}.Release|Any CPU.Build.0 = Release|Any CPU
		{F08A5620-B025-4C4B-A1D8-4D491835D5F4}.Release|x64.ActiveCfg = Release|Any CPU
		{F08A5620-B025-4C4B-A1D8-4D491835D5F4}.Release|x64.Build.0 = Release|Any CPU
		{F08A5620-B025-4C4B-A1D8-4D491835D5F4}.Release|x86.ActiveCfg = Release|Any CPU
		{F08A5620-B025-4C4B-A1D8-4D491835D5F4}.Release|x86.Build.0 = Release|Any CPU
		{0C16459E-1A88-4F8E-82E8-A20D57F74EA0}.Debug|Any CPU.ActiveCfg = Debug|Any CPU
		{0C16459E-1A88-4F8E-82E8-A20D57F74EA0}.Debug|Any CPU.Build.0 = Debug|Any CPU
		{0C16459E-1A88-4F8E-82E8-A20D57F74EA0}.Debug|x64.ActiveCfg = Debug|Any CPU
		{0C16459E-1A88-4F8E-82E8-A20D57F74EA0}.Debug|x64.Build.0 = Debug|Any CPU
		{0C16459E-1A88-4F8E-82E8-A20D57F74EA0}.Debug|x86.ActiveCfg = Debug|Any CPU
		{0C16459E-1A88-4F8E-82E8-A20D57F74EA0}.Debug|x86.Build.0 = Debug|Any CPU
		{0C16459E-1A88-4F8E-82E8-A20D57F74EA0}.Release|Any CPU.ActiveCfg = Release|Any CPU
		{0C16459E-1A88-4F8E-82E8-A20D57F74EA0}.Release|Any CPU.Build.0 = Release|Any CPU
		{0C16459E-1A88-4F8E-82E8-A20D57F74EA0}.Release|x64.ActiveCfg = Release|Any CPU
		{0C16459E-1A88-4F8E-82E8-A20D57F74EA0}.Release|x64.Build.0 = Release|Any CPU
		{0C16459E-1A88-4F8E-82E8-A20D57F74EA0}.Release|x86.ActiveCfg = Release|Any CPU
		{0C16459E-1A88-4F8E-82E8-A20D57F74EA0}.Release|x86.Build.0 = Release|Any CPU
		{A406549A-6B81-44D6-9DAB-FB66235F5A5D}.Debug|Any CPU.ActiveCfg = Debug|Any CPU
		{A406549A-6B81-44D6-9DAB-FB66235F5A5D}.Debug|Any CPU.Build.0 = Debug|Any CPU
		{A406549A-6B81-44D6-9DAB-FB66235F5A5D}.Debug|x64.ActiveCfg = Debug|Any CPU
		{A406549A-6B81-44D6-9DAB-FB66235F5A5D}.Debug|x64.Build.0 = Debug|Any CPU
		{A406549A-6B81-44D6-9DAB-FB66235F5A5D}.Debug|x86.ActiveCfg = Debug|Any CPU
		{A406549A-6B81-44D6-9DAB-FB66235F5A5D}.Debug|x86.Build.0 = Debug|Any CPU
		{A406549A-6B81-44D6-9DAB-FB66235F5A5D}.Release|Any CPU.ActiveCfg = Release|Any CPU
		{A406549A-6B81-44D6-9DAB-FB66235F5A5D}.Release|Any CPU.Build.0 = Release|Any CPU
		{A406549A-6B81-44D6-9DAB-FB66235F5A5D}.Release|x64.ActiveCfg = Release|Any CPU
		{A406549A-6B81-44D6-9DAB-FB66235F5A5D}.Release|x64.Build.0 = Release|Any CPU
		{A406549A-6B81-44D6-9DAB-FB66235F5A5D}.Release|x86.ActiveCfg = Release|Any CPU
		{A406549A-6B81-44D6-9DAB-FB66235F5A5D}.Release|x86.Build.0 = Release|Any CPU
		{C5357C81-7ECD-49B8-8753-6CB77680C3B5}.Debug|Any CPU.ActiveCfg = Debug|Any CPU
		{C5357C81-7ECD-49B8-8753-6CB77680C3B5}.Debug|Any CPU.Build.0 = Debug|Any CPU
		{C5357C81-7ECD-49B8-8753-6CB77680C3B5}.Debug|x64.ActiveCfg = Debug|Any CPU
		{C5357C81-7ECD-49B8-8753-6CB77680C3B5}.Debug|x64.Build.0 = Debug|Any CPU
		{C5357C81-7ECD-49B8-8753-6CB77680C3B5}.Debug|x86.ActiveCfg = Debug|Any CPU
		{C5357C81-7ECD-49B8-8753-6CB77680C3B5}.Debug|x86.Build.0 = Debug|Any CPU
		{C5357C81-7ECD-49B8-8753-6CB77680C3B5}.Release|Any CPU.ActiveCfg = Release|Any CPU
		{C5357C81-7ECD-49B8-8753-6CB77680C3B5}.Release|Any CPU.Build.0 = Release|Any CPU
		{C5357C81-7ECD-49B8-8753-6CB77680C3B5}.Release|x64.ActiveCfg = Release|Any CPU
		{C5357C81-7ECD-49B8-8753-6CB77680C3B5}.Release|x64.Build.0 = Release|Any CPU
		{C5357C81-7ECD-49B8-8753-6CB77680C3B5}.Release|x86.ActiveCfg = Release|Any CPU
		{C5357C81-7ECD-49B8-8753-6CB77680C3B5}.Release|x86.Build.0 = Release|Any CPU
		{51402483-E997-44B9-A124-D4B7AB94E17A}.Debug|Any CPU.ActiveCfg = Debug|Any CPU
		{51402483-E997-44B9-A124-D4B7AB94E17A}.Debug|Any CPU.Build.0 = Debug|Any CPU
		{51402483-E997-44B9-A124-D4B7AB94E17A}.Debug|x64.ActiveCfg = Debug|Any CPU
		{51402483-E997-44B9-A124-D4B7AB94E17A}.Debug|x64.Build.0 = Debug|Any CPU
		{51402483-E997-44B9-A124-D4B7AB94E17A}.Debug|x86.ActiveCfg = Debug|Any CPU
		{51402483-E997-44B9-A124-D4B7AB94E17A}.Debug|x86.Build.0 = Debug|Any CPU
		{51402483-E997-44B9-A124-D4B7AB94E17A}.Release|Any CPU.ActiveCfg = Release|Any CPU
		{51402483-E997-44B9-A124-D4B7AB94E17A}.Release|Any CPU.Build.0 = Release|Any CPU
		{51402483-E997-44B9-A124-D4B7AB94E17A}.Release|x64.ActiveCfg = Release|Any CPU
		{51402483-E997-44B9-A124-D4B7AB94E17A}.Release|x64.Build.0 = Release|Any CPU
		{51402483-E997-44B9-A124-D4B7AB94E17A}.Release|x86.ActiveCfg = Release|Any CPU
		{51402483-E997-44B9-A124-D4B7AB94E17A}.Release|x86.Build.0 = Release|Any CPU
		{D089EA4C-4610-4115-A5EB-57AC688E2520}.Debug|Any CPU.ActiveCfg = Debug|Any CPU
		{D089EA4C-4610-4115-A5EB-57AC688E2520}.Debug|Any CPU.Build.0 = Debug|Any CPU
		{D089EA4C-4610-4115-A5EB-57AC688E2520}.Debug|x64.ActiveCfg = Debug|Any CPU
		{D089EA4C-4610-4115-A5EB-57AC688E2520}.Debug|x64.Build.0 = Debug|Any CPU
		{D089EA4C-4610-4115-A5EB-57AC688E2520}.Debug|x86.ActiveCfg = Debug|Any CPU
		{D089EA4C-4610-4115-A5EB-57AC688E2520}.Debug|x86.Build.0 = Debug|Any CPU
		{D089EA4C-4610-4115-A5EB-57AC688E2520}.Release|Any CPU.ActiveCfg = Release|Any CPU
		{D089EA4C-4610-4115-A5EB-57AC688E2520}.Release|Any CPU.Build.0 = Release|Any CPU
		{D089EA4C-4610-4115-A5EB-57AC688E2520}.Release|x64.ActiveCfg = Release|Any CPU
		{D089EA4C-4610-4115-A5EB-57AC688E2520}.Release|x64.Build.0 = Release|Any CPU
		{D089EA4C-4610-4115-A5EB-57AC688E2520}.Release|x86.ActiveCfg = Release|Any CPU
		{D089EA4C-4610-4115-A5EB-57AC688E2520}.Release|x86.Build.0 = Release|Any CPU
		{24FB1584-A40D-4FF3-AA2F-3074F6C563FC}.Debug|Any CPU.ActiveCfg = Debug|Any CPU
		{24FB1584-A40D-4FF3-AA2F-3074F6C563FC}.Debug|Any CPU.Build.0 = Debug|Any CPU
		{24FB1584-A40D-4FF3-AA2F-3074F6C563FC}.Debug|x64.ActiveCfg = Debug|Any CPU
		{24FB1584-A40D-4FF3-AA2F-3074F6C563FC}.Debug|x64.Build.0 = Debug|Any CPU
		{24FB1584-A40D-4FF3-AA2F-3074F6C563FC}.Debug|x86.ActiveCfg = Debug|Any CPU
		{24FB1584-A40D-4FF3-AA2F-3074F6C563FC}.Debug|x86.Build.0 = Debug|Any CPU
		{24FB1584-A40D-4FF3-AA2F-3074F6C563FC}.Release|Any CPU.ActiveCfg = Release|Any CPU
		{24FB1584-A40D-4FF3-AA2F-3074F6C563FC}.Release|Any CPU.Build.0 = Release|Any CPU
		{24FB1584-A40D-4FF3-AA2F-3074F6C563FC}.Release|x64.ActiveCfg = Release|Any CPU
		{24FB1584-A40D-4FF3-AA2F-3074F6C563FC}.Release|x64.Build.0 = Release|Any CPU
		{24FB1584-A40D-4FF3-AA2F-3074F6C563FC}.Release|x86.ActiveCfg = Release|Any CPU
		{24FB1584-A40D-4FF3-AA2F-3074F6C563FC}.Release|x86.Build.0 = Release|Any CPU
		{10C173DF-A082-4602-B0E3-3F57259E5495}.Debug|Any CPU.ActiveCfg = Debug|Any CPU
		{10C173DF-A082-4602-B0E3-3F57259E5495}.Debug|Any CPU.Build.0 = Debug|Any CPU
		{10C173DF-A082-4602-B0E3-3F57259E5495}.Debug|x64.ActiveCfg = Debug|Any CPU
		{10C173DF-A082-4602-B0E3-3F57259E5495}.Debug|x64.Build.0 = Debug|Any CPU
		{10C173DF-A082-4602-B0E3-3F57259E5495}.Debug|x86.ActiveCfg = Debug|Any CPU
		{10C173DF-A082-4602-B0E3-3F57259E5495}.Debug|x86.Build.0 = Debug|Any CPU
		{10C173DF-A082-4602-B0E3-3F57259E5495}.Release|Any CPU.ActiveCfg = Release|Any CPU
		{10C173DF-A082-4602-B0E3-3F57259E5495}.Release|Any CPU.Build.0 = Release|Any CPU
		{10C173DF-A082-4602-B0E3-3F57259E5495}.Release|x64.ActiveCfg = Release|Any CPU
		{10C173DF-A082-4602-B0E3-3F57259E5495}.Release|x64.Build.0 = Release|Any CPU
		{10C173DF-A082-4602-B0E3-3F57259E5495}.Release|x86.ActiveCfg = Release|Any CPU
		{10C173DF-A082-4602-B0E3-3F57259E5495}.Release|x86.Build.0 = Release|Any CPU
		{36276BEF-34B1-451E-8FFA-5C76F28408D0}.Debug|Any CPU.ActiveCfg = Debug|Any CPU
		{36276BEF-34B1-451E-8FFA-5C76F28408D0}.Debug|Any CPU.Build.0 = Debug|Any CPU
		{36276BEF-34B1-451E-8FFA-5C76F28408D0}.Debug|x64.ActiveCfg = Debug|Any CPU
		{36276BEF-34B1-451E-8FFA-5C76F28408D0}.Debug|x64.Build.0 = Debug|Any CPU
		{36276BEF-34B1-451E-8FFA-5C76F28408D0}.Debug|x86.ActiveCfg = Debug|Any CPU
		{36276BEF-34B1-451E-8FFA-5C76F28408D0}.Debug|x86.Build.0 = Debug|Any CPU
		{36276BEF-34B1-451E-8FFA-5C76F28408D0}.Release|Any CPU.ActiveCfg = Release|Any CPU
		{36276BEF-34B1-451E-8FFA-5C76F28408D0}.Release|Any CPU.Build.0 = Release|Any CPU
		{36276BEF-34B1-451E-8FFA-5C76F28408D0}.Release|x64.ActiveCfg = Release|Any CPU
		{36276BEF-34B1-451E-8FFA-5C76F28408D0}.Release|x64.Build.0 = Release|Any CPU
		{36276BEF-34B1-451E-8FFA-5C76F28408D0}.Release|x86.ActiveCfg = Release|Any CPU
		{36276BEF-34B1-451E-8FFA-5C76F28408D0}.Release|x86.Build.0 = Release|Any CPU
	EndGlobalSection
	GlobalSection(SolutionProperties) = preSolution
		HideSolutionNode = FALSE
	EndGlobalSection
	GlobalSection(NestedProjects) = preSolution
		{55EFAE2F-A7CA-4917-A381-4A6EF5E79610} = {E3DCB78E-EE06-4EA3-88AC-762D8910387C}
		{06AC5A76-8E47-4011-88F1-B9FE1160E59C} = {8FFDF555-DB50-45F9-9A2D-6410F39151C3}
		{5B195D2B-8E1B-40C6-A18C-EB5467BF46C1} = {8FFDF555-DB50-45F9-9A2D-6410F39151C3}
		{3F006510-2A52-42F1-8974-0628054DA309} = {DF33E0FB-9790-4654-B60F-8AB22E0CC3D1}
		{4DB75245-B7A9-4825-86C8-F2688872E769} = {8FFDF555-DB50-45F9-9A2D-6410F39151C3}
		{BE4E2E23-D7B3-4D26-8B37-7B1CE34D2215} = {8FFDF555-DB50-45F9-9A2D-6410F39151C3}
		{F3F62094-A63A-496F-9A3C-460F8D527FE1} = {8FFDF555-DB50-45F9-9A2D-6410F39151C3}
		{DCF3CC43-98AA-4B20-AA66-A3862996A588} = {8FFDF555-DB50-45F9-9A2D-6410F39151C3}
		{88F906D7-8DCA-4668-899D-6DB9B1CA86C2} = {8FFDF555-DB50-45F9-9A2D-6410F39151C3}
		{D644E506-F7B7-425B-AEA0-74A1312613AD} = {8FFDF555-DB50-45F9-9A2D-6410F39151C3}
		{4DA9AA04-3C7E-475E-BECB-5AA4F96C818A} = {8FFDF555-DB50-45F9-9A2D-6410F39151C3}
		{5B318231-32AB-464E-BE33-E08A2A78A7FF} = {8FFDF555-DB50-45F9-9A2D-6410F39151C3}
		{B166371C-E8DB-4E97-AAD3-DC2F33D44F52} = {DF33E0FB-9790-4654-B60F-8AB22E0CC3D1}
		{AE0E05BA-DB63-4868-B83B-BD0BB2D8A1FE} = {8FFDF555-DB50-45F9-9A2D-6410F39151C3}
		{264BF6CB-AAC7-46D9-AA3F-70AE45FCD4F0} = {8FFDF555-DB50-45F9-9A2D-6410F39151C3}
		{F08A5620-B025-4C4B-A1D8-4D491835D5F4} = {8FFDF555-DB50-45F9-9A2D-6410F39151C3}
		{0C16459E-1A88-4F8E-82E8-A20D57F74EA0} = {8FFDF555-DB50-45F9-9A2D-6410F39151C3}
		{A406549A-6B81-44D6-9DAB-FB66235F5A5D} = {8FFDF555-DB50-45F9-9A2D-6410F39151C3}
		{C5357C81-7ECD-49B8-8753-6CB77680C3B5} = {8FFDF555-DB50-45F9-9A2D-6410F39151C3}
		{51402483-E997-44B9-A124-D4B7AB94E17A} = {8FFDF555-DB50-45F9-9A2D-6410F39151C3}
		{D089EA4C-4610-4115-A5EB-57AC688E2520} = {8FFDF555-DB50-45F9-9A2D-6410F39151C3}
		{24FB1584-A40D-4FF3-AA2F-3074F6C563FC} = {8FFDF555-DB50-45F9-9A2D-6410F39151C3}
		{10C173DF-A082-4602-B0E3-3F57259E5495} = {8FFDF555-DB50-45F9-9A2D-6410F39151C3}
		{36276BEF-34B1-451E-8FFA-5C76F28408D0} = {8FFDF555-DB50-45F9-9A2D-6410F39151C3}
	EndGlobalSection
	GlobalSection(ExtensibilityGlobals) = postSolution
		SolutionGuid = {439897C2-CCBD-44FE-B2DC-A3E4670ADA59}
	EndGlobalSection
EndGlobal
