Microsoft Visual Studio Solution File, Format Version 12.00
# Visual Studio Version 16
VisualStudioVersion = 16.0.29006.145
MinimumVisualStudioVersion = 15.0.26124.0
Project("{2150E333-8FDC-42A3-9474-1A3956D46DE8}") = "src", "src", "{8FFDF555-DB50-45F9-9A2D-6410F39151C3}"
	ProjectSection(SolutionItems) = preProject
		src/Directory.Build.props = src/Directory.Build.props
		src/Directory.Build.targets = src/Directory.Build.targets
		src/.editorconfig = src/.editorconfig
	EndProjectSection
EndProject
Project("{2150E333-8FDC-42A3-9474-1A3956D46DE8}") = "test", "test", "{DF33E0FB-9790-4654-B60F-8AB22E0CC3D1}"
	ProjectSection(SolutionItems) = preProject
		test/Directory.Build.props = test/Directory.Build.props
		test/Directory.Build.targets = test/Directory.Build.targets
		test/.editorconfig = test/.editorconfig
	EndProjectSection
EndProject
Project("{9A19103F-16F7-4668-BE54-9A1E7A4F7556}") = ".build", ".build\.build.csproj", "{55EFAE2F-A7CA-4917-A381-4A6EF5E79610}"
EndProject
Project("{FAE04EC0-301F-11D3-BF4B-00C04F79EFBC}") = "Rocket.Surgery.Blazor.FontAwesome6.Tests", "test\Blazor.FontAwesome6.Tests\Rocket.Surgery.Blazor.FontAwesome6.Tests.csproj", "{B166371C-E8DB-4E97-AAD3-DC2F33D44F52}"
EndProject
Project("{FAE04EC0-301F-11D3-BF4B-00C04F79EFBC}") = "Rocket.Surgery.Blazor.FontAwesome6.Free", "src\Blazor.FontAwesome6.Free\Rocket.Surgery.Blazor.FontAwesome6.Free.csproj", "{264BF6CB-AAC7-46D9-AA3F-70AE45FCD4F0}"
EndProject
Project("{FAE04EC0-301F-11D3-BF4B-00C04F79EFBC}") = "Rocket.Surgery.Blazor.FontAwesome6.Pro", "src\Blazor.FontAwesome6.Pro\Rocket.Surgery.Blazor.FontAwesome6.Pro.csproj", "{A406549A-6B81-44D6-9DAB-FB66235F5A5D}"
EndProject
Project("{FAE04EC0-301F-11D3-BF4B-00C04F79EFBC}") = "Rocket.Surgery.Blazor.FontAwesome6", "src\Blazor.FontAwesome6\Rocket.Surgery.Blazor.FontAwesome6.csproj", "{10C173DF-A082-4602-B0E3-3F57259E5495}"
EndProject
Project("{2150E333-8FDC-42A3-9474-1A3956D46DE8}") = "config", "config", "{F876220B-2224-4AB5-A20F-48EB8BC87F6E}"
	ProjectSection(SolutionItems) = preProject
		.config/dotnet-tools.json = .config/dotnet-tools.json
		Directory.Build.props = Directory.Build.props
		Directory.Packages.props = Directory.Packages.props
		Directory.Packages.support.props = Directory.Packages.support.props
		Directory.Build.targets = Directory.Build.targets
		.editorconfig = .editorconfig
		build.cmd = build.cmd
		build.ps1 = build.ps1
		build.sh = build.sh
		GitReleaseManager.yaml = GitReleaseManager.yaml
		.appveyor.yml = .appveyor.yml
		.codecov.yml = .codecov.yml
		GitVersion.yml = GitVersion.yml
		LICENSE = LICENSE
		README.md = README.md
		.gitattributes = .gitattributes
		.gitignore = .gitignore
		.gitmodules = .gitmodules
		.prettierignore = .prettierignore
		.prettierrc = .prettierrc
		.lintstagedrc.js = .lintstagedrc.js
		NuGet.config = NuGet.config
		package.json = package.json
	EndProjectSection
EndProject
Project("{2150E333-8FDC-42A3-9474-1A3956D46DE8}") = ".github", ".github", "{374E2062-D12B-4937-A9E1-717AB4D9E416}"
	ProjectSection(SolutionItems) = preProject
		.github/labels.yml = .github/labels.yml
		.github/release.yml = .github/release.yml
		.github/renovate.json = .github/renovate.json
	EndProjectSection
EndProject
Project("{2150E333-8FDC-42A3-9474-1A3956D46DE8}") = "workflows", "workflows", "{1FB1D14D-7FF7-49F4-A528-2915C797731A}"
	ProjectSection(SolutionItems) = preProject
		.github/workflows/ci-ignore.yml = .github/workflows/ci-ignore.yml
		.github/workflows/ci.yml = .github/workflows/ci.yml
		.github/workflows/close-milestone.yml = .github/workflows/close-milestone.yml
		.github/workflows/dependabot-merge.yml = .github/workflows/dependabot-merge.yml
		.github/workflows/draft-release.yml = .github/workflows/draft-release.yml
		.github/workflows/fontawesome.yml = .github/workflows/fontawesome.yml
		.github/workflows/lint.yml = .github/workflows/lint.yml
		.github/workflows/sync-labels.yml = .github/workflows/sync-labels.yml
		.github/workflows/update-milestone.yml = .github/workflows/update-milestone.yml
	EndProjectSection
EndProject
Project("{2150E333-8FDC-42A3-9474-1A3956D46DE8}") = ".husky", ".husky", "{A19952A1-EF7C-466A-8C7C-F635B87F1753}"
	ProjectSection(SolutionItems) = preProject
		.husky/pre-commit = .husky/pre-commit
	EndProjectSection
EndProject
Project("{2150E333-8FDC-42A3-9474-1A3956D46DE8}") = ".vscode", ".vscode", "{3227AD5A-9517-4E30-B1BD-D75E69A5D8E8}"
	ProjectSection(SolutionItems) = preProject
		.vscode/settings.json = .vscode/settings.json
	EndProjectSection
EndProject
Project("{2150E333-8FDC-42A3-9474-1A3956D46DE8}") = "sample", "sample", "{9376F1D9-81D2-4E90-A14A-CCA763273E64}"
	ProjectSection(SolutionItems) = preProject
	EndProjectSection
EndProject
Project("{FAE04EC0-301F-11D3-BF4B-00C04F79EFBC}") = "BlazorWasm", "sample\BlazorWasm\BlazorWasm.csproj", "{D1387447-759A-4EBE-AE68-61E43230AD3A}"
EndProject
Project("{FAE04EC0-301F-11D3-BF4B-00C04F79EFBC}") = "Rocket.Surgery.Blazor.FontAwesome.Tool", "src\Blazor.FontAwesome.Tool\Rocket.Surgery.Blazor.FontAwesome.Tool.csproj", "{71D05A15-210E-4062-9973-932501F50E17}"
EndProject
Project("{FAE04EC0-301F-11D3-BF4B-00C04F79EFBC}") = "Rocket.Surgery.Blazor.FontAwesome6.Free.Svg", "src\Blazor.FontAwesome6.Free.Svg\Rocket.Surgery.Blazor.FontAwesome6.Free.Svg.csproj", "{123A8882-8827-4910-A859-2F0DD12106AE}"
EndProject
Global
	GlobalSection(SolutionConfigurationPlatforms) = preSolution
		Debug|Any CPU = Debug|Any CPU
		Debug|x64 = Debug|x64
		Debug|x86 = Debug|x86
		Release|Any CPU = Release|Any CPU
		Release|x64 = Release|x64
		Release|x86 = Release|x86
	EndGlobalSection
	GlobalSection(ProjectConfigurationPlatforms) = postSolution
		{55EFAE2F-A7CA-4917-A381-4A6EF5E79610}.Debug|Any CPU.ActiveCfg = Debug|Any CPU
		{55EFAE2F-A7CA-4917-A381-4A6EF5E79610}.Debug|x64.ActiveCfg = Debug|Any CPU
		{55EFAE2F-A7CA-4917-A381-4A6EF5E79610}.Debug|x86.ActiveCfg = Debug|Any CPU
		{55EFAE2F-A7CA-4917-A381-4A6EF5E79610}.Release|Any CPU.ActiveCfg = Release|Any CPU
		{55EFAE2F-A7CA-4917-A381-4A6EF5E79610}.Release|x64.ActiveCfg = Release|Any CPU
		{55EFAE2F-A7CA-4917-A381-4A6EF5E79610}.Release|x86.ActiveCfg = Release|Any CPU
		{B166371C-E8DB-4E97-AAD3-DC2F33D44F52}.Debug|Any CPU.ActiveCfg = Debug|Any CPU
		{B166371C-E8DB-4E97-AAD3-DC2F33D44F52}.Debug|Any CPU.Build.0 = Debug|Any CPU
		{B166371C-E8DB-4E97-AAD3-DC2F33D44F52}.Debug|x64.ActiveCfg = Debug|Any CPU
		{B166371C-E8DB-4E97-AAD3-DC2F33D44F52}.Debug|x64.Build.0 = Debug|Any CPU
		{B166371C-E8DB-4E97-AAD3-DC2F33D44F52}.Debug|x86.ActiveCfg = Debug|Any CPU
		{B166371C-E8DB-4E97-AAD3-DC2F33D44F52}.Debug|x86.Build.0 = Debug|Any CPU
		{B166371C-E8DB-4E97-AAD3-DC2F33D44F52}.Release|Any CPU.ActiveCfg = Release|Any CPU
		{B166371C-E8DB-4E97-AAD3-DC2F33D44F52}.Release|Any CPU.Build.0 = Release|Any CPU
		{B166371C-E8DB-4E97-AAD3-DC2F33D44F52}.Release|x64.ActiveCfg = Release|Any CPU
		{B166371C-E8DB-4E97-AAD3-DC2F33D44F52}.Release|x64.Build.0 = Release|Any CPU
		{B166371C-E8DB-4E97-AAD3-DC2F33D44F52}.Release|x86.ActiveCfg = Release|Any CPU
		{B166371C-E8DB-4E97-AAD3-DC2F33D44F52}.Release|x86.Build.0 = Release|Any CPU
		{264BF6CB-AAC7-46D9-AA3F-70AE45FCD4F0}.Debug|Any CPU.ActiveCfg = Debug|Any CPU
		{264BF6CB-AAC7-46D9-AA3F-70AE45FCD4F0}.Debug|Any CPU.Build.0 = Debug|Any CPU
		{264BF6CB-AAC7-46D9-AA3F-70AE45FCD4F0}.Debug|x64.ActiveCfg = Debug|Any CPU
		{264BF6CB-AAC7-46D9-AA3F-70AE45FCD4F0}.Debug|x64.Build.0 = Debug|Any CPU
		{264BF6CB-AAC7-46D9-AA3F-70AE45FCD4F0}.Debug|x86.ActiveCfg = Debug|Any CPU
		{264BF6CB-AAC7-46D9-AA3F-70AE45FCD4F0}.Debug|x86.Build.0 = Debug|Any CPU
		{264BF6CB-AAC7-46D9-AA3F-70AE45FCD4F0}.Release|Any CPU.ActiveCfg = Release|Any CPU
		{264BF6CB-AAC7-46D9-AA3F-70AE45FCD4F0}.Release|Any CPU.Build.0 = Release|Any CPU
		{264BF6CB-AAC7-46D9-AA3F-70AE45FCD4F0}.Release|x64.ActiveCfg = Release|Any CPU
		{264BF6CB-AAC7-46D9-AA3F-70AE45FCD4F0}.Release|x64.Build.0 = Release|Any CPU
		{264BF6CB-AAC7-46D9-AA3F-70AE45FCD4F0}.Release|x86.ActiveCfg = Release|Any CPU
		{264BF6CB-AAC7-46D9-AA3F-70AE45FCD4F0}.Release|x86.Build.0 = Release|Any CPU
		{A406549A-6B81-44D6-9DAB-FB66235F5A5D}.Debug|Any CPU.ActiveCfg = Debug|Any CPU
		{A406549A-6B81-44D6-9DAB-FB66235F5A5D}.Debug|Any CPU.Build.0 = Debug|Any CPU
		{A406549A-6B81-44D6-9DAB-FB66235F5A5D}.Debug|x64.ActiveCfg = Debug|Any CPU
		{A406549A-6B81-44D6-9DAB-FB66235F5A5D}.Debug|x64.Build.0 = Debug|Any CPU
		{A406549A-6B81-44D6-9DAB-FB66235F5A5D}.Debug|x86.ActiveCfg = Debug|Any CPU
		{A406549A-6B81-44D6-9DAB-FB66235F5A5D}.Debug|x86.Build.0 = Debug|Any CPU
		{A406549A-6B81-44D6-9DAB-FB66235F5A5D}.Release|Any CPU.ActiveCfg = Release|Any CPU
		{A406549A-6B81-44D6-9DAB-FB66235F5A5D}.Release|Any CPU.Build.0 = Release|Any CPU
		{A406549A-6B81-44D6-9DAB-FB66235F5A5D}.Release|x64.ActiveCfg = Release|Any CPU
		{A406549A-6B81-44D6-9DAB-FB66235F5A5D}.Release|x64.Build.0 = Release|Any CPU
		{A406549A-6B81-44D6-9DAB-FB66235F5A5D}.Release|x86.ActiveCfg = Release|Any CPU
		{A406549A-6B81-44D6-9DAB-FB66235F5A5D}.Release|x86.Build.0 = Release|Any CPU
		{10C173DF-A082-4602-B0E3-3F57259E5495}.Debug|Any CPU.ActiveCfg = Debug|Any CPU
		{10C173DF-A082-4602-B0E3-3F57259E5495}.Debug|Any CPU.Build.0 = Debug|Any CPU
		{10C173DF-A082-4602-B0E3-3F57259E5495}.Debug|x64.ActiveCfg = Debug|Any CPU
		{10C173DF-A082-4602-B0E3-3F57259E5495}.Debug|x64.Build.0 = Debug|Any CPU
		{10C173DF-A082-4602-B0E3-3F57259E5495}.Debug|x86.ActiveCfg = Debug|Any CPU
		{10C173DF-A082-4602-B0E3-3F57259E5495}.Debug|x86.Build.0 = Debug|Any CPU
		{10C173DF-A082-4602-B0E3-3F57259E5495}.Release|Any CPU.ActiveCfg = Release|Any CPU
		{10C173DF-A082-4602-B0E3-3F57259E5495}.Release|Any CPU.Build.0 = Release|Any CPU
		{10C173DF-A082-4602-B0E3-3F57259E5495}.Release|x64.ActiveCfg = Release|Any CPU
		{10C173DF-A082-4602-B0E3-3F57259E5495}.Release|x64.Build.0 = Release|Any CPU
		{10C173DF-A082-4602-B0E3-3F57259E5495}.Release|x86.ActiveCfg = Release|Any CPU
		{10C173DF-A082-4602-B0E3-3F57259E5495}.Release|x86.Build.0 = Release|Any CPU
		{D1387447-759A-4EBE-AE68-61E43230AD3A}.Debug|Any CPU.ActiveCfg = Debug|Any CPU
		{D1387447-759A-4EBE-AE68-61E43230AD3A}.Debug|Any CPU.Build.0 = Debug|Any CPU
		{D1387447-759A-4EBE-AE68-61E43230AD3A}.Debug|x64.ActiveCfg = Debug|Any CPU
		{D1387447-759A-4EBE-AE68-61E43230AD3A}.Debug|x64.Build.0 = Debug|Any CPU
		{D1387447-759A-4EBE-AE68-61E43230AD3A}.Debug|x86.ActiveCfg = Debug|Any CPU
		{D1387447-759A-4EBE-AE68-61E43230AD3A}.Debug|x86.Build.0 = Debug|Any CPU
		{D1387447-759A-4EBE-AE68-61E43230AD3A}.Release|Any CPU.ActiveCfg = Release|Any CPU
		{D1387447-759A-4EBE-AE68-61E43230AD3A}.Release|Any CPU.Build.0 = Release|Any CPU
		{D1387447-759A-4EBE-AE68-61E43230AD3A}.Release|x64.ActiveCfg = Release|Any CPU
		{D1387447-759A-4EBE-AE68-61E43230AD3A}.Release|x64.Build.0 = Release|Any CPU
		{D1387447-759A-4EBE-AE68-61E43230AD3A}.Release|x86.ActiveCfg = Release|Any CPU
		{D1387447-759A-4EBE-AE68-61E43230AD3A}.Release|x86.Build.0 = Release|Any CPU
		{71D05A15-210E-4062-9973-932501F50E17}.Debug|Any CPU.ActiveCfg = Debug|Any CPU
		{71D05A15-210E-4062-9973-932501F50E17}.Debug|Any CPU.Build.0 = Debug|Any CPU
		{71D05A15-210E-4062-9973-932501F50E17}.Debug|x64.ActiveCfg = Debug|Any CPU
		{71D05A15-210E-4062-9973-932501F50E17}.Debug|x64.Build.0 = Debug|Any CPU
		{71D05A15-210E-4062-9973-932501F50E17}.Debug|x86.ActiveCfg = Debug|Any CPU
		{71D05A15-210E-4062-9973-932501F50E17}.Debug|x86.Build.0 = Debug|Any CPU
		{71D05A15-210E-4062-9973-932501F50E17}.Release|Any CPU.ActiveCfg = Release|Any CPU
		{71D05A15-210E-4062-9973-932501F50E17}.Release|Any CPU.Build.0 = Release|Any CPU
		{71D05A15-210E-4062-9973-932501F50E17}.Release|x64.ActiveCfg = Release|Any CPU
		{71D05A15-210E-4062-9973-932501F50E17}.Release|x64.Build.0 = Release|Any CPU
		{71D05A15-210E-4062-9973-932501F50E17}.Release|x86.ActiveCfg = Release|Any CPU
		{71D05A15-210E-4062-9973-932501F50E17}.Release|x86.Build.0 = Release|Any CPU
		{123A8882-8827-4910-A859-2F0DD12106AE}.Debug|Any CPU.ActiveCfg = Debug|Any CPU
		{123A8882-8827-4910-A859-2F0DD12106AE}.Debug|Any CPU.Build.0 = Debug|Any CPU
		{123A8882-8827-4910-A859-2F0DD12106AE}.Debug|x64.ActiveCfg = Debug|Any CPU
		{123A8882-8827-4910-A859-2F0DD12106AE}.Debug|x64.Build.0 = Debug|Any CPU
		{123A8882-8827-4910-A859-2F0DD12106AE}.Debug|x86.ActiveCfg = Debug|Any CPU
		{123A8882-8827-4910-A859-2F0DD12106AE}.Debug|x86.Build.0 = Debug|Any CPU
		{123A8882-8827-4910-A859-2F0DD12106AE}.Release|Any CPU.ActiveCfg = Release|Any CPU
		{123A8882-8827-4910-A859-2F0DD12106AE}.Release|Any CPU.Build.0 = Release|Any CPU
		{123A8882-8827-4910-A859-2F0DD12106AE}.Release|x64.ActiveCfg = Release|Any CPU
		{123A8882-8827-4910-A859-2F0DD12106AE}.Release|x64.Build.0 = Release|Any CPU
		{123A8882-8827-4910-A859-2F0DD12106AE}.Release|x86.ActiveCfg = Release|Any CPU
		{123A8882-8827-4910-A859-2F0DD12106AE}.Release|x86.Build.0 = Release|Any CPU
	EndGlobalSection
	GlobalSection(SolutionProperties) = preSolution
		HideSolutionNode = FALSE
	EndGlobalSection
	GlobalSection(NestedProjects) = preSolution
		{55EFAE2F-A7CA-4917-A381-4A6EF5E79610} = {F876220B-2224-4AB5-A20F-48EB8BC87F6E}
		{B166371C-E8DB-4E97-AAD3-DC2F33D44F52} = {DF33E0FB-9790-4654-B60F-8AB22E0CC3D1}
		{264BF6CB-AAC7-46D9-AA3F-70AE45FCD4F0} = {8FFDF555-DB50-45F9-9A2D-6410F39151C3}
		{A406549A-6B81-44D6-9DAB-FB66235F5A5D} = {8FFDF555-DB50-45F9-9A2D-6410F39151C3}
		{10C173DF-A082-4602-B0E3-3F57259E5495} = {8FFDF555-DB50-45F9-9A2D-6410F39151C3}
		{374E2062-D12B-4937-A9E1-717AB4D9E416} = {F876220B-2224-4AB5-A20F-48EB8BC87F6E}
		{1FB1D14D-7FF7-49F4-A528-2915C797731A} = {374E2062-D12B-4937-A9E1-717AB4D9E416}
		{A19952A1-EF7C-466A-8C7C-F635B87F1753} = {F876220B-2224-4AB5-A20F-48EB8BC87F6E}
		{3227AD5A-9517-4E30-B1BD-D75E69A5D8E8} = {F876220B-2224-4AB5-A20F-48EB8BC87F6E}
		{D1387447-759A-4EBE-AE68-61E43230AD3A} = {9376F1D9-81D2-4E90-A14A-CCA763273E64}
		{71D05A15-210E-4062-9973-932501F50E17} = {8FFDF555-DB50-45F9-9A2D-6410F39151C3}
		{123A8882-8827-4910-A859-2F0DD12106AE} = {8FFDF555-DB50-45F9-9A2D-6410F39151C3}
	EndGlobalSection
	GlobalSection(ExtensibilityGlobals) = postSolution
		SolutionGuid = {439897C2-CCBD-44FE-B2DC-A3E4670ADA59}
	EndGlobalSection
EndGlobal
