
Microsoft Visual Studio Solution File, Format Version 12.00
# Visual Studio Version 16
VisualStudioVersion = 16.0.29006.145
MinimumVisualStudioVersion = 15.0.26124.0
Project("{2150E333-8FDC-42A3-9474-1A3956D46DE8}") = "src", "src", "{8FFDF555-DB50-45F9-9A2D-6410F39151C3}"
	ProjectSection(SolutionItems) = preProject
		src\Directory.Build.props = src\Directory.Build.props
		src\Directory.Build.targets = src\Directory.Build.targets
	EndProjectSection
EndProject
Project("{2150E333-8FDC-42A3-9474-1A3956D46DE8}") = "test", "test", "{DF33E0FB-9790-4654-B60F-8AB22E0CC3D1}"
	ProjectSection(SolutionItems) = preProject
		test\Directory.Build.props = test\Directory.Build.props
		test\Directory.Build.targets = test\Directory.Build.targets
	EndProjectSection
EndProject
Project("{9A19103F-16F7-4668-BE54-9A1E7A4F7556}") = ".build", ".build\.build.csproj", "{55EFAE2F-A7CA-4917-A381-4A6EF5E79610}"
EndProject
Project("{2150E333-8FDC-42A3-9474-1A3956D46DE8}") = ".build", ".build", "{E3DCB78E-EE06-4EA3-88AC-762D8910387C}"
EndProject
Project("{FAE04EC0-301F-11D3-BF4B-00C04F79EFBC}") = "Rocket.Surgery.Blazor.FontAwesome5.Free", "src\Blazor.FontAwesome5.Free\Rocket.Surgery.Blazor.FontAwesome5.Free.csproj", "{06AC5A76-8E47-4011-88F1-B9FE1160E59C}"
EndProject
Project("{FAE04EC0-301F-11D3-BF4B-00C04F79EFBC}") = "Rocket.Surgery.Blazor.FontAwesome5.Pro", "src\Blazor.FontAwesome5.Pro\Rocket.Surgery.Blazor.FontAwesome5.Pro.csproj", "{5B195D2B-8E1B-40C6-A18C-EB5467BF46C1}"
EndProject
Project("{FAE04EC0-301F-11D3-BF4B-00C04F79EFBC}") = "Rocket.Surgery.Blazor.FontAwesome5.Tests", "test\Blazor.FontAwesome5.Tests\Rocket.Surgery.Blazor.FontAwesome5.Tests.csproj", "{3F006510-2A52-42F1-8974-0628054DA309}"
EndProject
Project("{FAE04EC0-301F-11D3-BF4B-00C04F79EFBC}") = "Rocket.Surgery.Blazor.FontAwesome5", "src\Blazor.FontAwesome5\Rocket.Surgery.Blazor.FontAwesome5.csproj", "{4DB75245-B7A9-4825-86C8-F2688872E769}"
EndProject
Project("{FAE04EC0-301F-11D3-BF4B-00C04F79EFBC}") = "Rocket.Surgery.Blazor.FontAwesome5.Brands", "src\Blazor.FontAwesome5.Brands\Rocket.Surgery.Blazor.FontAwesome5.Brands.csproj", "{BE4E2E23-D7B3-4D26-8B37-7B1CE34D2215}"
EndProject
Project("{FAE04EC0-301F-11D3-BF4B-00C04F79EFBC}") = "Rocket.Surgery.Blazor.FontAwesome5.Free.Regular", "src\Blazor.FontAwesome5.Free.Regular\Rocket.Surgery.Blazor.FontAwesome5.Free.Regular.csproj", "{F3F62094-A63A-496F-9A3C-460F8D527FE1}"
EndProject
Project("{FAE04EC0-301F-11D3-BF4B-00C04F79EFBC}") = "Rocket.Surgery.Blazor.FontAwesome5.Free.Solid", "src\Blazor.FontAwesome5.Free.Solid\Rocket.Surgery.Blazor.FontAwesome5.Free.Solid.csproj", "{DCF3CC43-98AA-4B20-AA66-A3862996A588}"
EndProject
Project("{FAE04EC0-301F-11D3-BF4B-00C04F79EFBC}") = "Rocket.Surgery.Blazor.FontAwesome5.Pro.Duotone", "src\Blazor.FontAwesome5.Pro.Duotone\Rocket.Surgery.Blazor.FontAwesome5.Pro.Duotone.csproj", "{88F906D7-8DCA-4668-899D-6DB9B1CA86C2}"
EndProject
Project("{FAE04EC0-301F-11D3-BF4B-00C04F79EFBC}") = "Rocket.Surgery.Blazor.FontAwesome5.Pro.Light", "src\Blazor.FontAwesome5.Pro.Light\Rocket.Surgery.Blazor.FontAwesome5.Pro.Light.csproj", "{D644E506-F7B7-425B-AEA0-74A1312613AD}"
EndProject
Project("{FAE04EC0-301F-11D3-BF4B-00C04F79EFBC}") = "Rocket.Surgery.Blazor.FontAwesome5.Pro.Regular", "src\Blazor.FontAwesome5.Pro.Regular\Rocket.Surgery.Blazor.FontAwesome5.Pro.Regular.csproj", "{4DA9AA04-3C7E-475E-BECB-5AA4F96C818A}"
EndProject
Project("{FAE04EC0-301F-11D3-BF4B-00C04F79EFBC}") = "Rocket.Surgery.Blazor.FontAwesome5.Pro.Solid", "src\Blazor.FontAwesome5.Pro.Solid\Rocket.Surgery.Blazor.FontAwesome5.Pro.Solid.csproj", "{5B318231-32AB-464E-BE33-E08A2A78A7FF}"
EndProject
Global
	GlobalSection(SolutionConfigurationPlatforms) = preSolution
		Debug|Any CPU = Debug|Any CPU
		Debug|x64 = Debug|x64
		Debug|x86 = Debug|x86
		Release|Any CPU = Release|Any CPU
		Release|x64 = Release|x64
		Release|x86 = Release|x86
	EndGlobalSection
	GlobalSection(ProjectConfigurationPlatforms) = postSolution
		{55EFAE2F-A7CA-4917-A381-4A6EF5E79610}.Debug|Any CPU.ActiveCfg = Debug|Any CPU
		{55EFAE2F-A7CA-4917-A381-4A6EF5E79610}.Debug|x64.ActiveCfg = Debug|Any CPU
		{55EFAE2F-A7CA-4917-A381-4A6EF5E79610}.Debug|x64.Build.0 = Debug|Any CPU
		{55EFAE2F-A7CA-4917-A381-4A6EF5E79610}.Debug|x86.ActiveCfg = Debug|Any CPU
		{55EFAE2F-A7CA-4917-A381-4A6EF5E79610}.Debug|x86.Build.0 = Debug|Any CPU
		{55EFAE2F-A7CA-4917-A381-4A6EF5E79610}.Release|Any CPU.ActiveCfg = Release|Any CPU
		{55EFAE2F-A7CA-4917-A381-4A6EF5E79610}.Release|x64.ActiveCfg = Release|Any CPU
		{55EFAE2F-A7CA-4917-A381-4A6EF5E79610}.Release|x64.Build.0 = Release|Any CPU
		{55EFAE2F-A7CA-4917-A381-4A6EF5E79610}.Release|x86.ActiveCfg = Release|Any CPU
		{55EFAE2F-A7CA-4917-A381-4A6EF5E79610}.Release|x86.Build.0 = Release|Any CPU
		{06AC5A76-8E47-4011-88F1-B9FE1160E59C}.Debug|Any CPU.ActiveCfg = Debug|Any CPU
		{06AC5A76-8E47-4011-88F1-B9FE1160E59C}.Debug|Any CPU.Build.0 = Debug|Any CPU
		{06AC5A76-8E47-4011-88F1-B9FE1160E59C}.Debug|x64.ActiveCfg = Debug|Any CPU
		{06AC5A76-8E47-4011-88F1-B9FE1160E59C}.Debug|x64.Build.0 = Debug|Any CPU
		{06AC5A76-8E47-4011-88F1-B9FE1160E59C}.Debug|x86.ActiveCfg = Debug|Any CPU
		{06AC5A76-8E47-4011-88F1-B9FE1160E59C}.Debug|x86.Build.0 = Debug|Any CPU
		{06AC5A76-8E47-4011-88F1-B9FE1160E59C}.Release|Any CPU.ActiveCfg = Release|Any CPU
		{06AC5A76-8E47-4011-88F1-B9FE1160E59C}.Release|Any CPU.Build.0 = Release|Any CPU
		{06AC5A76-8E47-4011-88F1-B9FE1160E59C}.Release|x64.ActiveCfg = Release|Any CPU
		{06AC5A76-8E47-4011-88F1-B9FE1160E59C}.Release|x64.Build.0 = Release|Any CPU
		{06AC5A76-8E47-4011-88F1-B9FE1160E59C}.Release|x86.ActiveCfg = Release|Any CPU
		{06AC5A76-8E47-4011-88F1-B9FE1160E59C}.Release|x86.Build.0 = Release|Any CPU
		{5B195D2B-8E1B-40C6-A18C-EB5467BF46C1}.Debug|Any CPU.ActiveCfg = Debug|Any CPU
		{5B195D2B-8E1B-40C6-A18C-EB5467BF46C1}.Debug|Any CPU.Build.0 = Debug|Any CPU
		{5B195D2B-8E1B-40C6-A18C-EB5467BF46C1}.Debug|x64.ActiveCfg = Debug|Any CPU
		{5B195D2B-8E1B-40C6-A18C-EB5467BF46C1}.Debug|x64.Build.0 = Debug|Any CPU
		{5B195D2B-8E1B-40C6-A18C-EB5467BF46C1}.Debug|x86.ActiveCfg = Debug|Any CPU
		{5B195D2B-8E1B-40C6-A18C-EB5467BF46C1}.Debug|x86.Build.0 = Debug|Any CPU
		{5B195D2B-8E1B-40C6-A18C-EB5467BF46C1}.Release|Any CPU.ActiveCfg = Release|Any CPU
		{5B195D2B-8E1B-40C6-A18C-EB5467BF46C1}.Release|Any CPU.Build.0 = Release|Any CPU
		{5B195D2B-8E1B-40C6-A18C-EB5467BF46C1}.Release|x64.ActiveCfg = Release|Any CPU
		{5B195D2B-8E1B-40C6-A18C-EB5467BF46C1}.Release|x64.Build.0 = Release|Any CPU
		{5B195D2B-8E1B-40C6-A18C-EB5467BF46C1}.Release|x86.ActiveCfg = Release|Any CPU
		{5B195D2B-8E1B-40C6-A18C-EB5467BF46C1}.Release|x86.Build.0 = Release|Any CPU
		{3F006510-2A52-42F1-8974-0628054DA309}.Debug|Any CPU.ActiveCfg = Debug|Any CPU
		{3F006510-2A52-42F1-8974-0628054DA309}.Debug|Any CPU.Build.0 = Debug|Any CPU
		{3F006510-2A52-42F1-8974-0628054DA309}.Debug|x64.ActiveCfg = Debug|Any CPU
		{3F006510-2A52-42F1-8974-0628054DA309}.Debug|x64.Build.0 = Debug|Any CPU
		{3F006510-2A52-42F1-8974-0628054DA309}.Debug|x86.ActiveCfg = Debug|Any CPU
		{3F006510-2A52-42F1-8974-0628054DA309}.Debug|x86.Build.0 = Debug|Any CPU
		{3F006510-2A52-42F1-8974-0628054DA309}.Release|Any CPU.ActiveCfg = Release|Any CPU
		{3F006510-2A52-42F1-8974-0628054DA309}.Release|Any CPU.Build.0 = Release|Any CPU
		{3F006510-2A52-42F1-8974-0628054DA309}.Release|x64.ActiveCfg = Release|Any CPU
		{3F006510-2A52-42F1-8974-0628054DA309}.Release|x64.Build.0 = Release|Any CPU
		{3F006510-2A52-42F1-8974-0628054DA309}.Release|x86.ActiveCfg = Release|Any CPU
		{3F006510-2A52-42F1-8974-0628054DA309}.Release|x86.Build.0 = Release|Any CPU
		{4DB75245-B7A9-4825-86C8-F2688872E769}.Debug|Any CPU.ActiveCfg = Debug|Any CPU
		{4DB75245-B7A9-4825-86C8-F2688872E769}.Debug|Any CPU.Build.0 = Debug|Any CPU
		{4DB75245-B7A9-4825-86C8-F2688872E769}.Debug|x64.ActiveCfg = Debug|Any CPU
		{4DB75245-B7A9-4825-86C8-F2688872E769}.Debug|x64.Build.0 = Debug|Any CPU
		{4DB75245-B7A9-4825-86C8-F2688872E769}.Debug|x86.ActiveCfg = Debug|Any CPU
		{4DB75245-B7A9-4825-86C8-F2688872E769}.Debug|x86.Build.0 = Debug|Any CPU
		{4DB75245-B7A9-4825-86C8-F2688872E769}.Release|Any CPU.ActiveCfg = Release|Any CPU
		{4DB75245-B7A9-4825-86C8-F2688872E769}.Release|Any CPU.Build.0 = Release|Any CPU
		{4DB75245-B7A9-4825-86C8-F2688872E769}.Release|x64.ActiveCfg = Release|Any CPU
		{4DB75245-B7A9-4825-86C8-F2688872E769}.Release|x64.Build.0 = Release|Any CPU
		{4DB75245-B7A9-4825-86C8-F2688872E769}.Release|x86.ActiveCfg = Release|Any CPU
		{4DB75245-B7A9-4825-86C8-F2688872E769}.Release|x86.Build.0 = Release|Any CPU
		{BE4E2E23-D7B3-4D26-8B37-7B1CE34D2215}.Debug|Any CPU.ActiveCfg = Debug|Any CPU
		{BE4E2E23-D7B3-4D26-8B37-7B1CE34D2215}.Debug|Any CPU.Build.0 = Debug|Any CPU
		{BE4E2E23-D7B3-4D26-8B37-7B1CE34D2215}.Debug|x64.ActiveCfg = Debug|Any CPU
		{BE4E2E23-D7B3-4D26-8B37-7B1CE34D2215}.Debug|x64.Build.0 = Debug|Any CPU
		{BE4E2E23-D7B3-4D26-8B37-7B1CE34D2215}.Debug|x86.ActiveCfg = Debug|Any CPU
		{BE4E2E23-D7B3-4D26-8B37-7B1CE34D2215}.Debug|x86.Build.0 = Debug|Any CPU
		{BE4E2E23-D7B3-4D26-8B37-7B1CE34D2215}.Release|Any CPU.ActiveCfg = Release|Any CPU
		{BE4E2E23-D7B3-4D26-8B37-7B1CE34D2215}.Release|Any CPU.Build.0 = Release|Any CPU
		{BE4E2E23-D7B3-4D26-8B37-7B1CE34D2215}.Release|x64.ActiveCfg = Release|Any CPU
		{BE4E2E23-D7B3-4D26-8B37-7B1CE34D2215}.Release|x64.Build.0 = Release|Any CPU
		{BE4E2E23-D7B3-4D26-8B37-7B1CE34D2215}.Release|x86.ActiveCfg = Release|Any CPU
		{BE4E2E23-D7B3-4D26-8B37-7B1CE34D2215}.Release|x86.Build.0 = Release|Any CPU
		{F3F62094-A63A-496F-9A3C-460F8D527FE1}.Debug|Any CPU.ActiveCfg = Debug|Any CPU
		{F3F62094-A63A-496F-9A3C-460F8D527FE1}.Debug|Any CPU.Build.0 = Debug|Any CPU
		{F3F62094-A63A-496F-9A3C-460F8D527FE1}.Debug|x64.ActiveCfg = Debug|Any CPU
		{F3F62094-A63A-496F-9A3C-460F8D527FE1}.Debug|x64.Build.0 = Debug|Any CPU
		{F3F62094-A63A-496F-9A3C-460F8D527FE1}.Debug|x86.ActiveCfg = Debug|Any CPU
		{F3F62094-A63A-496F-9A3C-460F8D527FE1}.Debug|x86.Build.0 = Debug|Any CPU
		{F3F62094-A63A-496F-9A3C-460F8D527FE1}.Release|Any CPU.ActiveCfg = Release|Any CPU
		{F3F62094-A63A-496F-9A3C-460F8D527FE1}.Release|Any CPU.Build.0 = Release|Any CPU
		{F3F62094-A63A-496F-9A3C-460F8D527FE1}.Release|x64.ActiveCfg = Release|Any CPU
		{F3F62094-A63A-496F-9A3C-460F8D527FE1}.Release|x64.Build.0 = Release|Any CPU
		{F3F62094-A63A-496F-9A3C-460F8D527FE1}.Release|x86.ActiveCfg = Release|Any CPU
		{F3F62094-A63A-496F-9A3C-460F8D527FE1}.Release|x86.Build.0 = Release|Any CPU
		{DCF3CC43-98AA-4B20-AA66-A3862996A588}.Debug|Any CPU.ActiveCfg = Debug|Any CPU
		{DCF3CC43-98AA-4B20-AA66-A3862996A588}.Debug|Any CPU.Build.0 = Debug|Any CPU
		{DCF3CC43-98AA-4B20-AA66-A3862996A588}.Debug|x64.ActiveCfg = Debug|Any CPU
		{DCF3CC43-98AA-4B20-AA66-A3862996A588}.Debug|x64.Build.0 = Debug|Any CPU
		{DCF3CC43-98AA-4B20-AA66-A3862996A588}.Debug|x86.ActiveCfg = Debug|Any CPU
		{DCF3CC43-98AA-4B20-AA66-A3862996A588}.Debug|x86.Build.0 = Debug|Any CPU
		{DCF3CC43-98AA-4B20-AA66-A3862996A588}.Release|Any CPU.ActiveCfg = Release|Any CPU
		{DCF3CC43-98AA-4B20-AA66-A3862996A588}.Release|Any CPU.Build.0 = Release|Any CPU
		{DCF3CC43-98AA-4B20-AA66-A3862996A588}.Release|x64.ActiveCfg = Release|Any CPU
		{DCF3CC43-98AA-4B20-AA66-A3862996A588}.Release|x64.Build.0 = Release|Any CPU
		{DCF3CC43-98AA-4B20-AA66-A3862996A588}.Release|x86.ActiveCfg = Release|Any CPU
		{DCF3CC43-98AA-4B20-AA66-A3862996A588}.Release|x86.Build.0 = Release|Any CPU
		{88F906D7-8DCA-4668-899D-6DB9B1CA86C2}.Debug|Any CPU.ActiveCfg = Debug|Any CPU
		{88F906D7-8DCA-4668-899D-6DB9B1CA86C2}.Debug|Any CPU.Build.0 = Debug|Any CPU
		{88F906D7-8DCA-4668-899D-6DB9B1CA86C2}.Debug|x64.ActiveCfg = Debug|Any CPU
		{88F906D7-8DCA-4668-899D-6DB9B1CA86C2}.Debug|x64.Build.0 = Debug|Any CPU
		{88F906D7-8DCA-4668-899D-6DB9B1CA86C2}.Debug|x86.ActiveCfg = Debug|Any CPU
		{88F906D7-8DCA-4668-899D-6DB9B1CA86C2}.Debug|x86.Build.0 = Debug|Any CPU
		{88F906D7-8DCA-4668-899D-6DB9B1CA86C2}.Release|Any CPU.ActiveCfg = Release|Any CPU
		{88F906D7-8DCA-4668-899D-6DB9B1CA86C2}.Release|Any CPU.Build.0 = Release|Any CPU
		{88F906D7-8DCA-4668-899D-6DB9B1CA86C2}.Release|x64.ActiveCfg = Release|Any CPU
		{88F906D7-8DCA-4668-899D-6DB9B1CA86C2}.Release|x64.Build.0 = Release|Any CPU
		{88F906D7-8DCA-4668-899D-6DB9B1CA86C2}.Release|x86.ActiveCfg = Release|Any CPU
		{88F906D7-8DCA-4668-899D-6DB9B1CA86C2}.Release|x86.Build.0 = Release|Any CPU
		{D644E506-F7B7-425B-AEA0-74A1312613AD}.Debug|Any CPU.ActiveCfg = Debug|Any CPU
		{D644E506-F7B7-425B-AEA0-74A1312613AD}.Debug|Any CPU.Build.0 = Debug|Any CPU
		{D644E506-F7B7-425B-AEA0-74A1312613AD}.Debug|x64.ActiveCfg = Debug|Any CPU
		{D644E506-F7B7-425B-AEA0-74A1312613AD}.Debug|x64.Build.0 = Debug|Any CPU
		{D644E506-F7B7-425B-AEA0-74A1312613AD}.Debug|x86.ActiveCfg = Debug|Any CPU
		{D644E506-F7B7-425B-AEA0-74A1312613AD}.Debug|x86.Build.0 = Debug|Any CPU
		{D644E506-F7B7-425B-AEA0-74A1312613AD}.Release|Any CPU.ActiveCfg = Release|Any CPU
		{D644E506-F7B7-425B-AEA0-74A1312613AD}.Release|Any CPU.Build.0 = Release|Any CPU
		{D644E506-F7B7-425B-AEA0-74A1312613AD}.Release|x64.ActiveCfg = Release|Any CPU
		{D644E506-F7B7-425B-AEA0-74A1312613AD}.Release|x64.Build.0 = Release|Any CPU
		{D644E506-F7B7-425B-AEA0-74A1312613AD}.Release|x86.ActiveCfg = Release|Any CPU
		{D644E506-F7B7-425B-AEA0-74A1312613AD}.Release|x86.Build.0 = Release|Any CPU
		{4DA9AA04-3C7E-475E-BECB-5AA4F96C818A}.Debug|Any CPU.ActiveCfg = Debug|Any CPU
		{4DA9AA04-3C7E-475E-BECB-5AA4F96C818A}.Debug|Any CPU.Build.0 = Debug|Any CPU
		{4DA9AA04-3C7E-475E-BECB-5AA4F96C818A}.Debug|x64.ActiveCfg = Debug|Any CPU
		{4DA9AA04-3C7E-475E-BECB-5AA4F96C818A}.Debug|x64.Build.0 = Debug|Any CPU
		{4DA9AA04-3C7E-475E-BECB-5AA4F96C818A}.Debug|x86.ActiveCfg = Debug|Any CPU
		{4DA9AA04-3C7E-475E-BECB-5AA4F96C818A}.Debug|x86.Build.0 = Debug|Any CPU
		{4DA9AA04-3C7E-475E-BECB-5AA4F96C818A}.Release|Any CPU.ActiveCfg = Release|Any CPU
		{4DA9AA04-3C7E-475E-BECB-5AA4F96C818A}.Release|Any CPU.Build.0 = Release|Any CPU
		{4DA9AA04-3C7E-475E-BECB-5AA4F96C818A}.Release|x64.ActiveCfg = Release|Any CPU
		{4DA9AA04-3C7E-475E-BECB-5AA4F96C818A}.Release|x64.Build.0 = Release|Any CPU
		{4DA9AA04-3C7E-475E-BECB-5AA4F96C818A}.Release|x86.ActiveCfg = Release|Any CPU
		{4DA9AA04-3C7E-475E-BECB-5AA4F96C818A}.Release|x86.Build.0 = Release|Any CPU
		{5B318231-32AB-464E-BE33-E08A2A78A7FF}.Debug|Any CPU.ActiveCfg = Debug|Any CPU
		{5B318231-32AB-464E-BE33-E08A2A78A7FF}.Debug|Any CPU.Build.0 = Debug|Any CPU
		{5B318231-32AB-464E-BE33-E08A2A78A7FF}.Debug|x64.ActiveCfg = Debug|Any CPU
		{5B318231-32AB-464E-BE33-E08A2A78A7FF}.Debug|x64.Build.0 = Debug|Any CPU
		{5B318231-32AB-464E-BE33-E08A2A78A7FF}.Debug|x86.ActiveCfg = Debug|Any CPU
		{5B318231-32AB-464E-BE33-E08A2A78A7FF}.Debug|x86.Build.0 = Debug|Any CPU
		{5B318231-32AB-464E-BE33-E08A2A78A7FF}.Release|Any CPU.ActiveCfg = Release|Any CPU
		{5B318231-32AB-464E-BE33-E08A2A78A7FF}.Release|Any CPU.Build.0 = Release|Any CPU
		{5B318231-32AB-464E-BE33-E08A2A78A7FF}.Release|x64.ActiveCfg = Release|Any CPU
		{5B318231-32AB-464E-BE33-E08A2A78A7FF}.Release|x64.Build.0 = Release|Any CPU
		{5B318231-32AB-464E-BE33-E08A2A78A7FF}.Release|x86.ActiveCfg = Release|Any CPU
		{5B318231-32AB-464E-BE33-E08A2A78A7FF}.Release|x86.Build.0 = Release|Any CPU
	EndGlobalSection
	GlobalSection(SolutionProperties) = preSolution
		HideSolutionNode = FALSE
	EndGlobalSection
	GlobalSection(NestedProjects) = preSolution
		{55EFAE2F-A7CA-4917-A381-4A6EF5E79610} = {E3DCB78E-EE06-4EA3-88AC-762D8910387C}
		{06AC5A76-8E47-4011-88F1-B9FE1160E59C} = {8FFDF555-DB50-45F9-9A2D-6410F39151C3}
		{5B195D2B-8E1B-40C6-A18C-EB5467BF46C1} = {8FFDF555-DB50-45F9-9A2D-6410F39151C3}
		{3F006510-2A52-42F1-8974-0628054DA309} = {DF33E0FB-9790-4654-B60F-8AB22E0CC3D1}
		{4DB75245-B7A9-4825-86C8-F2688872E769} = {8FFDF555-DB50-45F9-9A2D-6410F39151C3}
		{BE4E2E23-D7B3-4D26-8B37-7B1CE34D2215} = {8FFDF555-DB50-45F9-9A2D-6410F39151C3}
		{F3F62094-A63A-496F-9A3C-460F8D527FE1} = {8FFDF555-DB50-45F9-9A2D-6410F39151C3}
		{DCF3CC43-98AA-4B20-AA66-A3862996A588} = {8FFDF555-DB50-45F9-9A2D-6410F39151C3}
		{88F906D7-8DCA-4668-899D-6DB9B1CA86C2} = {8FFDF555-DB50-45F9-9A2D-6410F39151C3}
		{D644E506-F7B7-425B-AEA0-74A1312613AD} = {8FFDF555-DB50-45F9-9A2D-6410F39151C3}
		{4DA9AA04-3C7E-475E-BECB-5AA4F96C818A} = {8FFDF555-DB50-45F9-9A2D-6410F39151C3}
		{5B318231-32AB-464E-BE33-E08A2A78A7FF} = {8FFDF555-DB50-45F9-9A2D-6410F39151C3}
	EndGlobalSection
	GlobalSection(ExtensibilityGlobals) = postSolution
		SolutionGuid = {439897C2-CCBD-44FE-B2DC-A3E4670ADA59}
	EndGlobalSection
EndGlobal
